// !$*UTF8*$!
{
	archiveVersion = 1;
	classes = {
	};
	objectVersion = 55;
	objects = {

/* Begin PBXBuildFile section */
		A42A795228A7C31600BB1C03 /* DetailTextTableViewCell.swift in Sources */ = {isa = PBXBuildFile; fileRef = A42A795028A7C31600BB1C03 /* DetailTextTableViewCell.swift */; };
		A42A795328A7C31600BB1C03 /* DetailTextTableViewCell.xib in Resources */ = {isa = PBXBuildFile; fileRef = A42A795128A7C31600BB1C03 /* DetailTextTableViewCell.xib */; };
		A42A795628A7C58500BB1C03 /* DetailImageTableViewCell.swift in Sources */ = {isa = PBXBuildFile; fileRef = A42A795428A7C58500BB1C03 /* DetailImageTableViewCell.swift */; };
		A42A795728A7C58500BB1C03 /* DetailImageTableViewCell.xib in Resources */ = {isa = PBXBuildFile; fileRef = A42A795528A7C58500BB1C03 /* DetailImageTableViewCell.xib */; };
		A42A795B28A7CA0700BB1C03 /* NetworkTask.swift in Sources */ = {isa = PBXBuildFile; fileRef = A42A795A28A7CA0700BB1C03 /* NetworkTask.swift */; };
		A42A795F28A8C59200BB1C03 /* BaseNetworkTask.swift in Sources */ = {isa = PBXBuildFile; fileRef = A42A795E28A8C59200BB1C03 /* BaseNetworkTask.swift */; };
		A42A796128A8C77600BB1C03 /* NetworkMethod.swift in Sources */ = {isa = PBXBuildFile; fileRef = A42A796028A8C77600BB1C03 /* NetworkMethod.swift */; };
		A42A796428A8D63900BB1C03 /* AuthService.swift in Sources */ = {isa = PBXBuildFile; fileRef = A42A796328A8D63900BB1C03 /* AuthService.swift */; };
		A42A796628A8D65500BB1C03 /* AuthResponceModel.swift in Sources */ = {isa = PBXBuildFile; fileRef = A42A796528A8D65500BB1C03 /* AuthResponceModel.swift */; };
		A42A796828A8D66700BB1C03 /* AuthRequestModel.swift in Sources */ = {isa = PBXBuildFile; fileRef = A42A796728A8D66700BB1C03 /* AuthRequestModel.swift */; };
		A42A796E28A8DBB000BB1C03 /* PictureResponceModel.swift in Sources */ = {isa = PBXBuildFile; fileRef = A42A796D28A8DBB000BB1C03 /* PictureResponceModel.swift */; };
		A42A797028A8DBC100BB1C03 /* PictureService.swift in Sources */ = {isa = PBXBuildFile; fileRef = A42A796F28A8DBC100BB1C03 /* PictureService.swift */; };
		A42A797228A8DC1A00BB1C03 /* EmptyModel.swift in Sources */ = {isa = PBXBuildFile; fileRef = A42A797128A8DC1A00BB1C03 /* EmptyModel.swift */; };
		A42A797528A8DDAF00BB1C03 /* TokenStorage.swift in Sources */ = {isa = PBXBuildFile; fileRef = A42A797428A8DDAF00BB1C03 /* TokenStorage.swift */; };
		A42A797728A8DDC000BB1C03 /* TokenContainer.swift in Sources */ = {isa = PBXBuildFile; fileRef = A42A797628A8DDC000BB1C03 /* TokenContainer.swift */; };
		A42A797928A8DDD700BB1C03 /* BaseTokenContainer.swift in Sources */ = {isa = PBXBuildFile; fileRef = A42A797828A8DDD700BB1C03 /* BaseTokenContainer.swift */; };
		A42A797C28ABCAE700BB1C03 /* ImageLoader.swift in Sources */ = {isa = PBXBuildFile; fileRef = A42A797B28ABCAE700BB1C03 /* ImageLoader.swift */; };
		A42A797E28ABCB1A00BB1C03 /* UIImageView+ImageLoader.swift in Sources */ = {isa = PBXBuildFile; fileRef = A42A797D28ABCB1A00BB1C03 /* UIImageView+ImageLoader.swift */; };
		A42A798028AE27E800BB1C03 /* DataManager.swift in Sources */ = {isa = PBXBuildFile; fileRef = A42A797F28AE27E800BB1C03 /* DataManager.swift */; };
		A42A798228AE56F400BB1C03 /* FavoriteProrocol.swift in Sources */ = {isa = PBXBuildFile; fileRef = A42A798128AE56F400BB1C03 /* FavoriteProrocol.swift */; };
		A42A798428AE5D7300BB1C03 /* FavoriteModel.swift in Sources */ = {isa = PBXBuildFile; fileRef = A42A798328AE5D7300BB1C03 /* FavoriteModel.swift */; };
		A42A798628B0080300BB1C03 /* AlertController.swift in Sources */ = {isa = PBXBuildFile; fileRef = A42A798528B0080300BB1C03 /* AlertController.swift */; };
		A43C02DF289A94BD001685BF /* AppDelegate.swift in Sources */ = {isa = PBXBuildFile; fileRef = A43C02DE289A94BD001685BF /* AppDelegate.swift */; };
		A43C02E8289A94BF001685BF /* Assets.xcassets in Resources */ = {isa = PBXBuildFile; fileRef = A43C02E7289A94BF001685BF /* Assets.xcassets */; };
		A43C02EB289A94BF001685BF /* LaunchScreen.storyboard in Resources */ = {isa = PBXBuildFile; fileRef = A43C02E9289A94BF001685BF /* LaunchScreen.storyboard */; };
		A43C02F4289E855B001685BF /* MainViewController.swift in Sources */ = {isa = PBXBuildFile; fileRef = A43C02F2289E855B001685BF /* MainViewController.swift */; };
		A43C02F5289E855B001685BF /* MainViewController.xib in Resources */ = {isa = PBXBuildFile; fileRef = A43C02F3289E855B001685BF /* MainViewController.xib */; };
		A43C02F9289E857B001685BF /* ProfileViewController.swift in Sources */ = {isa = PBXBuildFile; fileRef = A43C02F7289E857B001685BF /* ProfileViewController.swift */; };
		A43C02FA289E857B001685BF /* ProfileViewController.xib in Resources */ = {isa = PBXBuildFile; fileRef = A43C02F8289E857B001685BF /* ProfileViewController.xib */; };
		A43C02FD289E858B001685BF /* FavoriteViewController.swift in Sources */ = {isa = PBXBuildFile; fileRef = A43C02FB289E858B001685BF /* FavoriteViewController.swift */; };
		A43C02FE289E858B001685BF /* FavoriteViewController.xib in Resources */ = {isa = PBXBuildFile; fileRef = A43C02FC289E858B001685BF /* FavoriteViewController.xib */; };
		A43C0302289E8648001685BF /* TabBarModel.swift in Sources */ = {isa = PBXBuildFile; fileRef = A43C0301289E8648001685BF /* TabBarModel.swift */; };
		A43C0305289E869F001685BF /* TabBarConfiguration.swift in Sources */ = {isa = PBXBuildFile; fileRef = A43C0304289E869F001685BF /* TabBarConfiguration.swift */; };
		A43C030828A3848C001685BF /* MainItemCollectionViewCell.swift in Sources */ = {isa = PBXBuildFile; fileRef = A43C030628A3848C001685BF /* MainItemCollectionViewCell.swift */; };
		A43C030928A3848C001685BF /* MainItemCollectionViewCell.xib in Resources */ = {isa = PBXBuildFile; fileRef = A43C030728A3848C001685BF /* MainItemCollectionViewCell.xib */; };
		A43C030C28A384C4001685BF /* MainModel.swift in Sources */ = {isa = PBXBuildFile; fileRef = A43C030B28A384C4001685BF /* MainModel.swift */; };
		A43C031028A3CE26001685BF /* SearchViewController.swift in Sources */ = {isa = PBXBuildFile; fileRef = A43C030E28A3CE26001685BF /* SearchViewController.swift */; };
		A43C031128A3CE26001685BF /* SearchViewController.xib in Resources */ = {isa = PBXBuildFile; fileRef = A43C030F28A3CE26001685BF /* SearchViewController.xib */; };
		A43C031328A3CE3E001685BF /* SearchPresenter.swift in Sources */ = {isa = PBXBuildFile; fileRef = A43C031228A3CE3D001685BF /* SearchPresenter.swift */; };
		A43C031528A3CFFA001685BF /* SearchModel.swift in Sources */ = {isa = PBXBuildFile; fileRef = A43C031428A3CFFA001685BF /* SearchModel.swift */; };
		A43C031728A3D5BF001685BF /* SearchProtocols.swift in Sources */ = {isa = PBXBuildFile; fileRef = A43C031628A3D5BF001685BF /* SearchProtocols.swift */; };
		A43C031B28A3FB13001685BF /* DetailViewController.swift in Sources */ = {isa = PBXBuildFile; fileRef = A43C031928A3FB13001685BF /* DetailViewController.swift */; };
		A43C031C28A3FB13001685BF /* DetailViewController.xib in Resources */ = {isa = PBXBuildFile; fileRef = A43C031A28A3FB13001685BF /* DetailViewController.xib */; };
		A43C032628A41D55001685BF /* DetailTitleTableViewCell.swift in Sources */ = {isa = PBXBuildFile; fileRef = A43C032428A41D55001685BF /* DetailTitleTableViewCell.swift */; };
		A43C032728A41D55001685BF /* DetailTitleTableViewCell.xib in Resources */ = {isa = PBXBuildFile; fileRef = A43C032528A41D55001685BF /* DetailTitleTableViewCell.xib */; };
		A43C032E28A423B6001685BF /* DetailItemModel.swift in Sources */ = {isa = PBXBuildFile; fileRef = A43C032D28A423B5001685BF /* DetailItemModel.swift */; };
		A43C033628A77A36001685BF /* FavoriteCollectionViewCell.swift in Sources */ = {isa = PBXBuildFile; fileRef = A43C033428A77A36001685BF /* FavoriteCollectionViewCell.swift */; };
		A43C033728A77A36001685BF /* FavoriteCollectionViewCell.xib in Resources */ = {isa = PBXBuildFile; fileRef = A43C033528A77A36001685BF /* FavoriteCollectionViewCell.xib */; };
/* End PBXBuildFile section */

/* Begin PBXFileReference section */
		A42A795028A7C31600BB1C03 /* DetailTextTableViewCell.swift */ = {isa = PBXFileReference; lastKnownFileType = sourcecode.swift; path = DetailTextTableViewCell.swift; sourceTree = "<group>"; };
		A42A795128A7C31600BB1C03 /* DetailTextTableViewCell.xib */ = {isa = PBXFileReference; lastKnownFileType = file.xib; path = DetailTextTableViewCell.xib; sourceTree = "<group>"; };
		A42A795428A7C58500BB1C03 /* DetailImageTableViewCell.swift */ = {isa = PBXFileReference; lastKnownFileType = sourcecode.swift; path = DetailImageTableViewCell.swift; sourceTree = "<group>"; };
		A42A795528A7C58500BB1C03 /* DetailImageTableViewCell.xib */ = {isa = PBXFileReference; lastKnownFileType = file.xib; path = DetailImageTableViewCell.xib; sourceTree = "<group>"; };
		A42A795A28A7CA0700BB1C03 /* NetworkTask.swift */ = {isa = PBXFileReference; lastKnownFileType = sourcecode.swift; path = NetworkTask.swift; sourceTree = "<group>"; };
		A42A795E28A8C59200BB1C03 /* BaseNetworkTask.swift */ = {isa = PBXFileReference; lastKnownFileType = sourcecode.swift; path = BaseNetworkTask.swift; sourceTree = "<group>"; };
		A42A796028A8C77600BB1C03 /* NetworkMethod.swift */ = {isa = PBXFileReference; lastKnownFileType = sourcecode.swift; path = NetworkMethod.swift; sourceTree = "<group>"; };
		A42A796328A8D63900BB1C03 /* AuthService.swift */ = {isa = PBXFileReference; lastKnownFileType = sourcecode.swift; path = AuthService.swift; sourceTree = "<group>"; };
		A42A796528A8D65500BB1C03 /* AuthResponceModel.swift */ = {isa = PBXFileReference; lastKnownFileType = sourcecode.swift; path = AuthResponceModel.swift; sourceTree = "<group>"; };
		A42A796728A8D66700BB1C03 /* AuthRequestModel.swift */ = {isa = PBXFileReference; lastKnownFileType = sourcecode.swift; path = AuthRequestModel.swift; sourceTree = "<group>"; };
		A42A796D28A8DBB000BB1C03 /* PictureResponceModel.swift */ = {isa = PBXFileReference; lastKnownFileType = sourcecode.swift; path = PictureResponceModel.swift; sourceTree = "<group>"; };
		A42A796F28A8DBC100BB1C03 /* PictureService.swift */ = {isa = PBXFileReference; lastKnownFileType = sourcecode.swift; path = PictureService.swift; sourceTree = "<group>"; };
		A42A797128A8DC1A00BB1C03 /* EmptyModel.swift */ = {isa = PBXFileReference; lastKnownFileType = sourcecode.swift; path = EmptyModel.swift; sourceTree = "<group>"; };
		A42A797428A8DDAF00BB1C03 /* TokenStorage.swift */ = {isa = PBXFileReference; lastKnownFileType = sourcecode.swift; path = TokenStorage.swift; sourceTree = "<group>"; };
		A42A797628A8DDC000BB1C03 /* TokenContainer.swift */ = {isa = PBXFileReference; lastKnownFileType = sourcecode.swift; path = TokenContainer.swift; sourceTree = "<group>"; };
		A42A797828A8DDD700BB1C03 /* BaseTokenContainer.swift */ = {isa = PBXFileReference; lastKnownFileType = sourcecode.swift; path = BaseTokenContainer.swift; sourceTree = "<group>"; };
		A42A797B28ABCAE700BB1C03 /* ImageLoader.swift */ = {isa = PBXFileReference; lastKnownFileType = sourcecode.swift; path = ImageLoader.swift; sourceTree = "<group>"; };
		A42A797D28ABCB1A00BB1C03 /* UIImageView+ImageLoader.swift */ = {isa = PBXFileReference; lastKnownFileType = sourcecode.swift; path = "UIImageView+ImageLoader.swift"; sourceTree = "<group>"; };
		A42A797F28AE27E800BB1C03 /* DataManager.swift */ = {isa = PBXFileReference; lastKnownFileType = sourcecode.swift; path = DataManager.swift; sourceTree = "<group>"; };
		A42A798128AE56F400BB1C03 /* FavoriteProrocol.swift */ = {isa = PBXFileReference; lastKnownFileType = sourcecode.swift; path = FavoriteProrocol.swift; sourceTree = "<group>"; };
		A42A798328AE5D7300BB1C03 /* FavoriteModel.swift */ = {isa = PBXFileReference; lastKnownFileType = sourcecode.swift; path = FavoriteModel.swift; sourceTree = "<group>"; };
		A42A798528B0080300BB1C03 /* AlertController.swift */ = {isa = PBXFileReference; lastKnownFileType = sourcecode.swift; path = AlertController.swift; sourceTree = "<group>"; };
		A43C02DB289A94BD001685BF /* SurfSummerSchoolProject.app */ = {isa = PBXFileReference; explicitFileType = wrapper.application; includeInIndex = 0; path = SurfSummerSchoolProject.app; sourceTree = BUILT_PRODUCTS_DIR; };
		A43C02DE289A94BD001685BF /* AppDelegate.swift */ = {isa = PBXFileReference; lastKnownFileType = sourcecode.swift; path = AppDelegate.swift; sourceTree = "<group>"; };
		A43C02E7289A94BF001685BF /* Assets.xcassets */ = {isa = PBXFileReference; lastKnownFileType = folder.assetcatalog; path = Assets.xcassets; sourceTree = "<group>"; };
		A43C02EA289A94BF001685BF /* Base */ = {isa = PBXFileReference; lastKnownFileType = file.storyboard; name = Base; path = Base.lproj/LaunchScreen.storyboard; sourceTree = "<group>"; };
		A43C02EC289A94BF001685BF /* Info.plist */ = {isa = PBXFileReference; lastKnownFileType = text.plist.xml; path = Info.plist; sourceTree = "<group>"; };
		A43C02F2289E855B001685BF /* MainViewController.swift */ = {isa = PBXFileReference; lastKnownFileType = sourcecode.swift; path = MainViewController.swift; sourceTree = "<group>"; };
		A43C02F3289E855B001685BF /* MainViewController.xib */ = {isa = PBXFileReference; lastKnownFileType = file.xib; path = MainViewController.xib; sourceTree = "<group>"; };
		A43C02F7289E857B001685BF /* ProfileViewController.swift */ = {isa = PBXFileReference; lastKnownFileType = sourcecode.swift; path = ProfileViewController.swift; sourceTree = "<group>"; };
		A43C02F8289E857B001685BF /* ProfileViewController.xib */ = {isa = PBXFileReference; lastKnownFileType = file.xib; path = ProfileViewController.xib; sourceTree = "<group>"; };
		A43C02FB289E858B001685BF /* FavoriteViewController.swift */ = {isa = PBXFileReference; lastKnownFileType = sourcecode.swift; path = FavoriteViewController.swift; sourceTree = "<group>"; };
		A43C02FC289E858B001685BF /* FavoriteViewController.xib */ = {isa = PBXFileReference; lastKnownFileType = file.xib; path = FavoriteViewController.xib; sourceTree = "<group>"; };
		A43C0301289E8648001685BF /* TabBarModel.swift */ = {isa = PBXFileReference; lastKnownFileType = sourcecode.swift; path = TabBarModel.swift; sourceTree = "<group>"; };
		A43C0304289E869F001685BF /* TabBarConfiguration.swift */ = {isa = PBXFileReference; lastKnownFileType = sourcecode.swift; path = TabBarConfiguration.swift; sourceTree = "<group>"; };
		A43C030628A3848C001685BF /* MainItemCollectionViewCell.swift */ = {isa = PBXFileReference; lastKnownFileType = sourcecode.swift; path = MainItemCollectionViewCell.swift; sourceTree = "<group>"; };
		A43C030728A3848C001685BF /* MainItemCollectionViewCell.xib */ = {isa = PBXFileReference; lastKnownFileType = file.xib; path = MainItemCollectionViewCell.xib; sourceTree = "<group>"; };
		A43C030B28A384C4001685BF /* MainModel.swift */ = {isa = PBXFileReference; lastKnownFileType = sourcecode.swift; path = MainModel.swift; sourceTree = "<group>"; };
		A43C030E28A3CE26001685BF /* SearchViewController.swift */ = {isa = PBXFileReference; lastKnownFileType = sourcecode.swift; path = SearchViewController.swift; sourceTree = "<group>"; };
		A43C030F28A3CE26001685BF /* SearchViewController.xib */ = {isa = PBXFileReference; lastKnownFileType = file.xib; path = SearchViewController.xib; sourceTree = "<group>"; };
		A43C031228A3CE3D001685BF /* SearchPresenter.swift */ = {isa = PBXFileReference; lastKnownFileType = sourcecode.swift; path = SearchPresenter.swift; sourceTree = "<group>"; };
		A43C031428A3CFFA001685BF /* SearchModel.swift */ = {isa = PBXFileReference; lastKnownFileType = sourcecode.swift; path = SearchModel.swift; sourceTree = "<group>"; };
		A43C031628A3D5BF001685BF /* SearchProtocols.swift */ = {isa = PBXFileReference; lastKnownFileType = sourcecode.swift; path = SearchProtocols.swift; sourceTree = "<group>"; };
		A43C031928A3FB13001685BF /* DetailViewController.swift */ = {isa = PBXFileReference; lastKnownFileType = sourcecode.swift; path = DetailViewController.swift; sourceTree = "<group>"; };
		A43C031A28A3FB13001685BF /* DetailViewController.xib */ = {isa = PBXFileReference; lastKnownFileType = file.xib; path = DetailViewController.xib; sourceTree = "<group>"; };
		A43C032428A41D55001685BF /* DetailTitleTableViewCell.swift */ = {isa = PBXFileReference; lastKnownFileType = sourcecode.swift; path = DetailTitleTableViewCell.swift; sourceTree = "<group>"; };
		A43C032528A41D55001685BF /* DetailTitleTableViewCell.xib */ = {isa = PBXFileReference; lastKnownFileType = file.xib; path = DetailTitleTableViewCell.xib; sourceTree = "<group>"; };
		A43C032D28A423B5001685BF /* DetailItemModel.swift */ = {isa = PBXFileReference; lastKnownFileType = sourcecode.swift; path = DetailItemModel.swift; sourceTree = "<group>"; };
		A43C033428A77A36001685BF /* FavoriteCollectionViewCell.swift */ = {isa = PBXFileReference; lastKnownFileType = sourcecode.swift; path = FavoriteCollectionViewCell.swift; sourceTree = "<group>"; };
		A43C033528A77A36001685BF /* FavoriteCollectionViewCell.xib */ = {isa = PBXFileReference; lastKnownFileType = file.xib; path = FavoriteCollectionViewCell.xib; sourceTree = "<group>"; };
/* End PBXFileReference section */

/* Begin PBXFrameworksBuildPhase section */
		A43C02D8289A94BD001685BF /* Frameworks */ = {
			isa = PBXFrameworksBuildPhase;
			buildActionMask = 2147483647;
			files = (
			);
			runOnlyForDeploymentPostprocessing = 0;
		};
/* End PBXFrameworksBuildPhase section */

/* Begin PBXGroup section */
		A42A795828A7C91F00BB1C03 /* Services */ = {
			isa = PBXGroup;
			children = (
				A42A797328A8DD8A00BB1C03 /* Storage */,
				A42A796928A8DB3500BB1C03 /* Networking */,
			);
			path = Services;
			sourceTree = "<group>";
		};
		A42A795928A7C92D00BB1C03 /* Core */ = {
			isa = PBXGroup;
			children = (
				A42A795A28A7CA0700BB1C03 /* NetworkTask.swift */,
				A42A795E28A8C59200BB1C03 /* BaseNetworkTask.swift */,
				A42A796028A8C77600BB1C03 /* NetworkMethod.swift */,
				A42A797128A8DC1A00BB1C03 /* EmptyModel.swift */,
			);
			path = Core;
			sourceTree = "<group>";
		};
		A42A796228A8D5BD00BB1C03 /* AuthService */ = {
			isa = PBXGroup;
			children = (
				A42A796328A8D63900BB1C03 /* AuthService.swift */,
				A42A796528A8D65500BB1C03 /* AuthResponceModel.swift */,
				A42A796728A8D66700BB1C03 /* AuthRequestModel.swift */,
			);
			path = AuthService;
			sourceTree = "<group>";
		};
		A42A796928A8DB3500BB1C03 /* Networking */ = {
			isa = PBXGroup;
			children = (
				A42A797A28ABCA7B00BB1C03 /* ImageLoader */,
				A42A796A28A8DB5700BB1C03 /* PictureService */,
				A42A795928A7C92D00BB1C03 /* Core */,
				A42A796228A8D5BD00BB1C03 /* AuthService */,
			);
			path = Networking;
			sourceTree = "<group>";
		};
		A42A796A28A8DB5700BB1C03 /* PictureService */ = {
			isa = PBXGroup;
			children = (
				A42A796D28A8DBB000BB1C03 /* PictureResponceModel.swift */,
				A42A796F28A8DBC100BB1C03 /* PictureService.swift */,
			);
			path = PictureService;
			sourceTree = "<group>";
		};
		A42A797328A8DD8A00BB1C03 /* Storage */ = {
			isa = PBXGroup;
			children = (
				A42A797428A8DDAF00BB1C03 /* TokenStorage.swift */,
				A42A797628A8DDC000BB1C03 /* TokenContainer.swift */,
				A42A797828A8DDD700BB1C03 /* BaseTokenContainer.swift */,
			);
			path = Storage;
			sourceTree = "<group>";
		};
		A42A797A28ABCA7B00BB1C03 /* ImageLoader */ = {
			isa = PBXGroup;
			children = (
				A42A797B28ABCAE700BB1C03 /* ImageLoader.swift */,
				A42A797D28ABCB1A00BB1C03 /* UIImageView+ImageLoader.swift */,
			);
			path = ImageLoader;
			sourceTree = "<group>";
		};
		A43C02D2289A94BD001685BF = {
			isa = PBXGroup;
			children = (
				A43C02DD289A94BD001685BF /* SurfSummerSchoolProject */,
				A43C02DC289A94BD001685BF /* Products */,
			);
			sourceTree = "<group>";
		};
		A43C02DC289A94BD001685BF /* Products */ = {
			isa = PBXGroup;
			children = (
				A43C02DB289A94BD001685BF /* SurfSummerSchoolProject.app */,
			);
			name = Products;
			sourceTree = "<group>";
		};
		A43C02DD289A94BD001685BF /* SurfSummerSchoolProject */ = {
			isa = PBXGroup;
			children = (
				A42A795828A7C91F00BB1C03 /* Services */,
				A43C02DE289A94BD001685BF /* AppDelegate.swift */,
				A43C02E7289A94BF001685BF /* Assets.xcassets */,
				A43C02E9289A94BF001685BF /* LaunchScreen.storyboard */,
				A43C02EC289A94BF001685BF /* Info.plist */,
				A43C031828A3FADE001685BF /* DetailModule */,
				A43C030D28A3CDE3001685BF /* SearchModule */,
				A43C0303289E864F001685BF /* TabBar */,
				A43C02FF289E8593001685BF /* FavoriteModule */,
				A43C0300289E85B0001685BF /* ProfileModule */,
				A43C02F6289E8565001685BF /* MainModule */,
			);
			path = SurfSummerSchoolProject;
			sourceTree = "<group>";
		};
		A43C02F6289E8565001685BF /* MainModule */ = {
			isa = PBXGroup;
			children = (
				A43C030A28A38498001685BF /* Cells */,
				A43C02F2289E855B001685BF /* MainViewController.swift */,
				A43C02F3289E855B001685BF /* MainViewController.xib */,
				A43C030B28A384C4001685BF /* MainModel.swift */,
			);
			path = MainModule;
			sourceTree = "<group>";
		};
		A43C02FF289E8593001685BF /* FavoriteModule */ = {
			isa = PBXGroup;
			children = (
				A43C032F28A517C0001685BF /* Cells */,
				A43C02FB289E858B001685BF /* FavoriteViewController.swift */,
				A43C02FC289E858B001685BF /* FavoriteViewController.xib */,
				A42A797F28AE27E800BB1C03 /* DataManager.swift */,
				A42A798128AE56F400BB1C03 /* FavoriteProrocol.swift */,
				A42A798328AE5D7300BB1C03 /* FavoriteModel.swift */,
				A42A798528B0080300BB1C03 /* AlertController.swift */,
			);
			path = FavoriteModule;
			sourceTree = "<group>";
		};
		A43C0300289E85B0001685BF /* ProfileModule */ = {
			isa = PBXGroup;
			children = (
				A43C02F7289E857B001685BF /* ProfileViewController.swift */,
				A43C02F8289E857B001685BF /* ProfileViewController.xib */,
			);
			path = ProfileModule;
			sourceTree = "<group>";
		};
		A43C0303289E864F001685BF /* TabBar */ = {
			isa = PBXGroup;
			children = (
				A43C0301289E8648001685BF /* TabBarModel.swift */,
				A43C0304289E869F001685BF /* TabBarConfiguration.swift */,
			);
			path = TabBar;
			sourceTree = "<group>";
		};
		A43C030A28A38498001685BF /* Cells */ = {
			isa = PBXGroup;
			children = (
				A43C030628A3848C001685BF /* MainItemCollectionViewCell.swift */,
				A43C030728A3848C001685BF /* MainItemCollectionViewCell.xib */,
			);
			path = Cells;
			sourceTree = "<group>";
		};
		A43C030D28A3CDE3001685BF /* SearchModule */ = {
			isa = PBXGroup;
			children = (
				A43C030E28A3CE26001685BF /* SearchViewController.swift */,
				A43C030F28A3CE26001685BF /* SearchViewController.xib */,
				A43C031228A3CE3D001685BF /* SearchPresenter.swift */,
				A43C031428A3CFFA001685BF /* SearchModel.swift */,
				A43C031628A3D5BF001685BF /* SearchProtocols.swift */,
			);
			path = SearchModule;
			sourceTree = "<group>";
		};
		A43C031828A3FADE001685BF /* DetailModule */ = {
			isa = PBXGroup;
			children = (
				A43C031D28A41953001685BF /* Cells */,
				A43C031928A3FB13001685BF /* DetailViewController.swift */,
				A43C031A28A3FB13001685BF /* DetailViewController.xib */,
				A43C032D28A423B5001685BF /* DetailItemModel.swift */,
			);
			path = DetailModule;
			sourceTree = "<group>";
		};
		A43C031D28A41953001685BF /* Cells */ = {
			isa = PBXGroup;
			children = (
				A43C032828A41FF9001685BF /* TextCell */,
				A43C032328A41D2F001685BF /* TitleCell */,
				A43C031E28A41963001685BF /* ImageCell */,
			);
			path = Cells;
			sourceTree = "<group>";
		};
		A43C031E28A41963001685BF /* ImageCell */ = {
			isa = PBXGroup;
			children = (
				A42A795428A7C58500BB1C03 /* DetailImageTableViewCell.swift */,
				A42A795528A7C58500BB1C03 /* DetailImageTableViewCell.xib */,
			);
			path = ImageCell;
			sourceTree = "<group>";
		};
		A43C032328A41D2F001685BF /* TitleCell */ = {
			isa = PBXGroup;
			children = (
				A43C032428A41D55001685BF /* DetailTitleTableViewCell.swift */,
				A43C032528A41D55001685BF /* DetailTitleTableViewCell.xib */,
			);
			path = TitleCell;
			sourceTree = "<group>";
		};
		A43C032828A41FF9001685BF /* TextCell */ = {
			isa = PBXGroup;
			children = (
				A42A795028A7C31600BB1C03 /* DetailTextTableViewCell.swift */,
				A42A795128A7C31600BB1C03 /* DetailTextTableViewCell.xib */,
			);
			path = TextCell;
			sourceTree = "<group>";
		};
		A43C032F28A517C0001685BF /* Cells */ = {
			isa = PBXGroup;
			children = (
				A43C033428A77A36001685BF /* FavoriteCollectionViewCell.swift */,
				A43C033528A77A36001685BF /* FavoriteCollectionViewCell.xib */,
			);
			path = Cells;
			sourceTree = "<group>";
		};
/* End PBXGroup section */

/* Begin PBXNativeTarget section */
		A43C02DA289A94BD001685BF /* SurfSummerSchoolProject */ = {
			isa = PBXNativeTarget;
			buildConfigurationList = A43C02EF289A94BF001685BF /* Build configuration list for PBXNativeTarget "SurfSummerSchoolProject" */;
			buildPhases = (
				A43C02D7289A94BD001685BF /* Sources */,
				A43C02D8289A94BD001685BF /* Frameworks */,
				A43C02D9289A94BD001685BF /* Resources */,
			);
			buildRules = (
			);
			dependencies = (
			);
			name = SurfSummerSchoolProject;
			productName = SurfSummerSchoolProject;
			productReference = A43C02DB289A94BD001685BF /* SurfSummerSchoolProject.app */;
			productType = "com.apple.product-type.application";
		};
/* End PBXNativeTarget section */

/* Begin PBXProject section */
		A43C02D3289A94BD001685BF /* Project object */ = {
			isa = PBXProject;
			attributes = {
				BuildIndependentTargetsInParallel = 1;
				LastSwiftUpdateCheck = 1320;
				LastUpgradeCheck = 1320;
				TargetAttributes = {
					A43C02DA289A94BD001685BF = {
						CreatedOnToolsVersion = 13.2.1;
					};
				};
			};
			buildConfigurationList = A43C02D6289A94BD001685BF /* Build configuration list for PBXProject "SurfSummerSchoolProject" */;
			compatibilityVersion = "Xcode 13.0";
			developmentRegion = en;
			hasScannedForEncodings = 0;
			knownRegions = (
				en,
				Base,
			);
			mainGroup = A43C02D2289A94BD001685BF;
			productRefGroup = A43C02DC289A94BD001685BF /* Products */;
			projectDirPath = "";
			projectRoot = "";
			targets = (
				A43C02DA289A94BD001685BF /* SurfSummerSchoolProject */,
			);
		};
/* End PBXProject section */

/* Begin PBXResourcesBuildPhase section */
		A43C02D9289A94BD001685BF /* Resources */ = {
			isa = PBXResourcesBuildPhase;
			buildActionMask = 2147483647;
			files = (
				A43C02EB289A94BF001685BF /* LaunchScreen.storyboard in Resources */,
				A43C030928A3848C001685BF /* MainItemCollectionViewCell.xib in Resources */,
				A43C032728A41D55001685BF /* DetailTitleTableViewCell.xib in Resources */,
				A43C02E8289A94BF001685BF /* Assets.xcassets in Resources */,
				A42A795328A7C31600BB1C03 /* DetailTextTableViewCell.xib in Resources */,
				A43C031C28A3FB13001685BF /* DetailViewController.xib in Resources */,
				A43C02FE289E858B001685BF /* FavoriteViewController.xib in Resources */,
				A43C02FA289E857B001685BF /* ProfileViewController.xib in Resources */,
				A43C033728A77A36001685BF /* FavoriteCollectionViewCell.xib in Resources */,
				A42A795728A7C58500BB1C03 /* DetailImageTableViewCell.xib in Resources */,
				A43C02F5289E855B001685BF /* MainViewController.xib in Resources */,
				A43C031128A3CE26001685BF /* SearchViewController.xib in Resources */,
			);
			runOnlyForDeploymentPostprocessing = 0;
		};
/* End PBXResourcesBuildPhase section */

/* Begin PBXSourcesBuildPhase section */
		A43C02D7289A94BD001685BF /* Sources */ = {
			isa = PBXSourcesBuildPhase;
			buildActionMask = 2147483647;
			files = (
				A42A795F28A8C59200BB1C03 /* BaseNetworkTask.swift in Sources */,
				A43C031B28A3FB13001685BF /* DetailViewController.swift in Sources */,
				A42A797228A8DC1A00BB1C03 /* EmptyModel.swift in Sources */,
				A42A797528A8DDAF00BB1C03 /* TokenStorage.swift in Sources */,
				A43C030C28A384C4001685BF /* MainModel.swift in Sources */,
				A43C030828A3848C001685BF /* MainItemCollectionViewCell.swift in Sources */,
				A43C032E28A423B6001685BF /* DetailItemModel.swift in Sources */,
				A42A796428A8D63900BB1C03 /* AuthService.swift in Sources */,
				A43C031328A3CE3E001685BF /* SearchPresenter.swift in Sources */,
				A43C0305289E869F001685BF /* TabBarConfiguration.swift in Sources */,
				A42A797928A8DDD700BB1C03 /* BaseTokenContainer.swift in Sources */,
				A43C031028A3CE26001685BF /* SearchViewController.swift in Sources */,
				A42A795B28A7CA0700BB1C03 /* NetworkTask.swift in Sources */,
				A43C02F4289E855B001685BF /* MainViewController.swift in Sources */,
				A43C031528A3CFFA001685BF /* SearchModel.swift in Sources */,
				A42A795228A7C31600BB1C03 /* DetailTextTableViewCell.swift in Sources */,
				A43C031728A3D5BF001685BF /* SearchProtocols.swift in Sources */,
				A43C02F9289E857B001685BF /* ProfileViewController.swift in Sources */,
				A43C032628A41D55001685BF /* DetailTitleTableViewCell.swift in Sources */,
				A42A798028AE27E800BB1C03 /* DataManager.swift in Sources */,
				A43C02DF289A94BD001685BF /* AppDelegate.swift in Sources */,
				A42A796128A8C77600BB1C03 /* NetworkMethod.swift in Sources */,
				A43C02FD289E858B001685BF /* FavoriteViewController.swift in Sources */,
				A42A798228AE56F400BB1C03 /* FavoriteProrocol.swift in Sources */,
				A43C0302289E8648001685BF /* TabBarModel.swift in Sources */,
				A42A796628A8D65500BB1C03 /* AuthResponceModel.swift in Sources */,
				A42A796828A8D66700BB1C03 /* AuthRequestModel.swift in Sources */,
				A42A797E28ABCB1A00BB1C03 /* UIImageView+ImageLoader.swift in Sources */,
				A42A798628B0080300BB1C03 /* AlertController.swift in Sources */,
				A43C033628A77A36001685BF /* FavoriteCollectionViewCell.swift in Sources */,
				A42A795628A7C58500BB1C03 /* DetailImageTableViewCell.swift in Sources */,
				A42A797C28ABCAE700BB1C03 /* ImageLoader.swift in Sources */,
				A42A798428AE5D7300BB1C03 /* FavoriteModel.swift in Sources */,
				A42A797028A8DBC100BB1C03 /* PictureService.swift in Sources */,
				A42A796E28A8DBB000BB1C03 /* PictureResponceModel.swift in Sources */,
				A42A797728A8DDC000BB1C03 /* TokenContainer.swift in Sources */,
			);
			runOnlyForDeploymentPostprocessing = 0;
		};
/* End PBXSourcesBuildPhase section */

/* Begin PBXVariantGroup section */
		A43C02E9289A94BF001685BF /* LaunchScreen.storyboard */ = {
			isa = PBXVariantGroup;
			children = (
				A43C02EA289A94BF001685BF /* Base */,
			);
			name = LaunchScreen.storyboard;
			sourceTree = "<group>";
		};
/* End PBXVariantGroup section */

/* Begin XCBuildConfiguration section */
		A43C02ED289A94BF001685BF /* Debug */ = {
			isa = XCBuildConfiguration;
			buildSettings = {
				ALWAYS_SEARCH_USER_PATHS = NO;
				CLANG_ANALYZER_NONNULL = YES;
				CLANG_ANALYZER_NUMBER_OBJECT_CONVERSION = YES_AGGRESSIVE;
				CLANG_CXX_LANGUAGE_STANDARD = "gnu++17";
				CLANG_CXX_LIBRARY = "libc++";
				CLANG_ENABLE_MODULES = YES;
				CLANG_ENABLE_OBJC_ARC = YES;
				CLANG_ENABLE_OBJC_WEAK = YES;
				CLANG_WARN_BLOCK_CAPTURE_AUTORELEASING = YES;
				CLANG_WARN_BOOL_CONVERSION = YES;
				CLANG_WARN_COMMA = YES;
				CLANG_WARN_CONSTANT_CONVERSION = YES;
				CLANG_WARN_DEPRECATED_OBJC_IMPLEMENTATIONS = YES;
				CLANG_WARN_DIRECT_OBJC_ISA_USAGE = YES_ERROR;
				CLANG_WARN_DOCUMENTATION_COMMENTS = YES;
				CLANG_WARN_EMPTY_BODY = YES;
				CLANG_WARN_ENUM_CONVERSION = YES;
				CLANG_WARN_INFINITE_RECURSION = YES;
				CLANG_WARN_INT_CONVERSION = YES;
				CLANG_WARN_NON_LITERAL_NULL_CONVERSION = YES;
				CLANG_WARN_OBJC_IMPLICIT_RETAIN_SELF = YES;
				CLANG_WARN_OBJC_LITERAL_CONVERSION = YES;
				CLANG_WARN_OBJC_ROOT_CLASS = YES_ERROR;
				CLANG_WARN_QUOTED_INCLUDE_IN_FRAMEWORK_HEADER = YES;
				CLANG_WARN_RANGE_LOOP_ANALYSIS = YES;
				CLANG_WARN_STRICT_PROTOTYPES = YES;
				CLANG_WARN_SUSPICIOUS_MOVE = YES;
				CLANG_WARN_UNGUARDED_AVAILABILITY = YES_AGGRESSIVE;
				CLANG_WARN_UNREACHABLE_CODE = YES;
				CLANG_WARN__DUPLICATE_METHOD_MATCH = YES;
				COPY_PHASE_STRIP = NO;
				DEBUG_INFORMATION_FORMAT = dwarf;
				ENABLE_STRICT_OBJC_MSGSEND = YES;
				ENABLE_TESTABILITY = YES;
				GCC_C_LANGUAGE_STANDARD = gnu11;
				GCC_DYNAMIC_NO_PIC = NO;
				GCC_NO_COMMON_BLOCKS = YES;
				GCC_OPTIMIZATION_LEVEL = 0;
				GCC_PREPROCESSOR_DEFINITIONS = (
					"DEBUG=1",
					"$(inherited)",
				);
				GCC_WARN_64_TO_32_BIT_CONVERSION = YES;
				GCC_WARN_ABOUT_RETURN_TYPE = YES_ERROR;
				GCC_WARN_UNDECLARED_SELECTOR = YES;
				GCC_WARN_UNINITIALIZED_AUTOS = YES_AGGRESSIVE;
				GCC_WARN_UNUSED_FUNCTION = YES;
				GCC_WARN_UNUSED_VARIABLE = YES;
				IPHONEOS_DEPLOYMENT_TARGET = 15.2;
				MTL_ENABLE_DEBUG_INFO = INCLUDE_SOURCE;
				MTL_FAST_MATH = YES;
				ONLY_ACTIVE_ARCH = YES;
				SDKROOT = iphoneos;
				SWIFT_ACTIVE_COMPILATION_CONDITIONS = DEBUG;
				SWIFT_OPTIMIZATION_LEVEL = "-Onone";
			};
			name = Debug;
		};
		A43C02EE289A94BF001685BF /* Release */ = {
			isa = XCBuildConfiguration;
			buildSettings = {
				ALWAYS_SEARCH_USER_PATHS = NO;
				CLANG_ANALYZER_NONNULL = YES;
				CLANG_ANALYZER_NUMBER_OBJECT_CONVERSION = YES_AGGRESSIVE;
				CLANG_CXX_LANGUAGE_STANDARD = "gnu++17";
				CLANG_CXX_LIBRARY = "libc++";
				CLANG_ENABLE_MODULES = YES;
				CLANG_ENABLE_OBJC_ARC = YES;
				CLANG_ENABLE_OBJC_WEAK = YES;
				CLANG_WARN_BLOCK_CAPTURE_AUTORELEASING = YES;
				CLANG_WARN_BOOL_CONVERSION = YES;
				CLANG_WARN_COMMA = YES;
				CLANG_WARN_CONSTANT_CONVERSION = YES;
				CLANG_WARN_DEPRECATED_OBJC_IMPLEMENTATIONS = YES;
				CLANG_WARN_DIRECT_OBJC_ISA_USAGE = YES_ERROR;
				CLANG_WARN_DOCUMENTATION_COMMENTS = YES;
				CLANG_WARN_EMPTY_BODY = YES;
				CLANG_WARN_ENUM_CONVERSION = YES;
				CLANG_WARN_INFINITE_RECURSION = YES;
				CLANG_WARN_INT_CONVERSION = YES;
				CLANG_WARN_NON_LITERAL_NULL_CONVERSION = YES;
				CLANG_WARN_OBJC_IMPLICIT_RETAIN_SELF = YES;
				CLANG_WARN_OBJC_LITERAL_CONVERSION = YES;
				CLANG_WARN_OBJC_ROOT_CLASS = YES_ERROR;
				CLANG_WARN_QUOTED_INCLUDE_IN_FRAMEWORK_HEADER = YES;
				CLANG_WARN_RANGE_LOOP_ANALYSIS = YES;
				CLANG_WARN_STRICT_PROTOTYPES = YES;
				CLANG_WARN_SUSPICIOUS_MOVE = YES;
				CLANG_WARN_UNGUARDED_AVAILABILITY = YES_AGGRESSIVE;
				CLANG_WARN_UNREACHABLE_CODE = YES;
				CLANG_WARN__DUPLICATE_METHOD_MATCH = YES;
				COPY_PHASE_STRIP = NO;
				DEBUG_INFORMATION_FORMAT = "dwarf-with-dsym";
				ENABLE_NS_ASSERTIONS = NO;
				ENABLE_STRICT_OBJC_MSGSEND = YES;
				GCC_C_LANGUAGE_STANDARD = gnu11;
				GCC_NO_COMMON_BLOCKS = YES;
				GCC_WARN_64_TO_32_BIT_CONVERSION = YES;
				GCC_WARN_ABOUT_RETURN_TYPE = YES_ERROR;
				GCC_WARN_UNDECLARED_SELECTOR = YES;
				GCC_WARN_UNINITIALIZED_AUTOS = YES_AGGRESSIVE;
				GCC_WARN_UNUSED_FUNCTION = YES;
				GCC_WARN_UNUSED_VARIABLE = YES;
				IPHONEOS_DEPLOYMENT_TARGET = 15.2;
				MTL_ENABLE_DEBUG_INFO = NO;
				MTL_FAST_MATH = YES;
				SDKROOT = iphoneos;
				SWIFT_COMPILATION_MODE = wholemodule;
				SWIFT_OPTIMIZATION_LEVEL = "-O";
				VALIDATE_PRODUCT = YES;
			};
			name = Release;
		};
		A43C02F0289A94BF001685BF /* Debug */ = {
			isa = XCBuildConfiguration;
			buildSettings = {
				ASSETCATALOG_COMPILER_APPICON_NAME = AppIcon;
				ASSETCATALOG_COMPILER_GLOBAL_ACCENT_COLOR_NAME = AccentColor;
				CODE_SIGN_STYLE = Automatic;
				CURRENT_PROJECT_VERSION = 1;
				GENERATE_INFOPLIST_FILE = YES;
				INFOPLIST_FILE = SurfSummerSchoolProject/Info.plist;
				INFOPLIST_KEY_UIApplicationSupportsIndirectInputEvents = YES;
				INFOPLIST_KEY_UILaunchStoryboardName = LaunchScreen;
				INFOPLIST_KEY_UISupportedInterfaceOrientations_iPad = "UIInterfaceOrientationPortrait UIInterfaceOrientationPortraitUpsideDown UIInterfaceOrientationLandscapeLeft UIInterfaceOrientationLandscapeRight";
				INFOPLIST_KEY_UISupportedInterfaceOrientations_iPhone = "UIInterfaceOrientationPortrait UIInterfaceOrientationLandscapeLeft UIInterfaceOrientationLandscapeRight";
				LD_RUNPATH_SEARCH_PATHS = (
					"$(inherited)",
					"@executable_path/Frameworks",
				);
				MARKETING_VERSION = 1.0;
				PRODUCT_BUNDLE_IDENTIFIER = "Dmitry-Bessonov.SurfSummerSchoolProject";
				PRODUCT_NAME = "$(TARGET_NAME)";
				SWIFT_EMIT_LOC_STRINGS = YES;
				SWIFT_VERSION = 5.0;
				TARGETED_DEVICE_FAMILY = "1,2";
			};
			name = Debug;
		};
		A43C02F1289A94BF001685BF /* Release */ = {
			isa = XCBuildConfiguration;
			buildSettings = {
				ASSETCATALOG_COMPILER_APPICON_NAME = AppIcon;
				ASSETCATALOG_COMPILER_GLOBAL_ACCENT_COLOR_NAME = AccentColor;
				CODE_SIGN_STYLE = Automatic;
				CURRENT_PROJECT_VERSION = 1;
				GENERATE_INFOPLIST_FILE = YES;
				INFOPLIST_FILE = SurfSummerSchoolProject/Info.plist;
				INFOPLIST_KEY_UIApplicationSupportsIndirectInputEvents = YES;
				INFOPLIST_KEY_UILaunchStoryboardName = LaunchScreen;
				INFOPLIST_KEY_UISupportedInterfaceOrientations_iPad = "UIInterfaceOrientationPortrait UIInterfaceOrientationPortraitUpsideDown UIInterfaceOrientationLandscapeLeft UIInterfaceOrientationLandscapeRight";
				INFOPLIST_KEY_UISupportedInterfaceOrientations_iPhone = "UIInterfaceOrientationPortrait UIInterfaceOrientationLandscapeLeft UIInterfaceOrientationLandscapeRight";
				LD_RUNPATH_SEARCH_PATHS = (
					"$(inherited)",
					"@executable_path/Frameworks",
				);
				MARKETING_VERSION = 1.0;
				PRODUCT_BUNDLE_IDENTIFIER = "Dmitry-Bessonov.SurfSummerSchoolProject";
				PRODUCT_NAME = "$(TARGET_NAME)";
				SWIFT_EMIT_LOC_STRINGS = YES;
				SWIFT_VERSION = 5.0;
				TARGETED_DEVICE_FAMILY = "1,2";
			};
			name = Release;
		};
/* End XCBuildConfiguration section */

/* Begin XCConfigurationList section */
		A43C02D6289A94BD001685BF /* Build configuration list for PBXProject "SurfSummerSchoolProject" */ = {
			isa = XCConfigurationList;
			buildConfigurations = (
				A43C02ED289A94BF001685BF /* Debug */,
				A43C02EE289A94BF001685BF /* Release */,
			);
			defaultConfigurationIsVisible = 0;
			defaultConfigurationName = Release;
		};
		A43C02EF289A94BF001685BF /* Build configuration list for PBXNativeTarget "SurfSummerSchoolProject" */ = {
			isa = XCConfigurationList;
			buildConfigurations = (
				A43C02F0289A94BF001685BF /* Debug */,
				A43C02F1289A94BF001685BF /* Release */,
			);
			defaultConfigurationIsVisible = 0;
			defaultConfigurationName = Release;
		};
/* End XCConfigurationList section */
	};
	rootObject = A43C02D3289A94BD001685BF /* Project object */;
}
